// !$*UTF8*$!
{
	archiveVersion = 1;
	classes = {
	};
	objectVersion = 46;
	objects = {

/* Begin PBXBuildFile section */
		13BDD53219EB26910060C341 /* AppDelegate.swift in Sources */ = {isa = PBXBuildFile; fileRef = 13BDD53119EB26910060C341 /* AppDelegate.swift */; };
		13BDD53419EB26910060C341 /* ViewController.swift in Sources */ = {isa = PBXBuildFile; fileRef = 13BDD53319EB26910060C341 /* ViewController.swift */; };
		13BDD53719EB26910060C341 /* Main.storyboard in Resources */ = {isa = PBXBuildFile; fileRef = 13BDD53519EB26910060C341 /* Main.storyboard */; };
		13BDD53919EB26910060C341 /* Images.xcassets in Resources */ = {isa = PBXBuildFile; fileRef = 13BDD53819EB26910060C341 /* Images.xcassets */; };
		13BDD53C19EB26910060C341 /* LaunchScreen.xib in Resources */ = {isa = PBXBuildFile; fileRef = 13BDD53A19EB26910060C341 /* LaunchScreen.xib */; };
		13BDD55519EB269C0060C341 /* iRate.bundle in Resources */ = {isa = PBXBuildFile; fileRef = 13BDD55219EB269C0060C341 /* iRate.bundle */; };
		13BDD55619EB269C0060C341 /* iRate.m in Sources */ = {isa = PBXBuildFile; fileRef = 13BDD55419EB269C0060C341 /* iRate.m */; };
/* End PBXBuildFile section */

/* Begin PBXFileReference section */
		13BDD52C19EB26910060C341 /* SwiftDemo.app */ = {isa = PBXFileReference; explicitFileType = wrapper.application; includeInIndex = 0; path = SwiftDemo.app; sourceTree = BUILT_PRODUCTS_DIR; };
		13BDD53019EB26910060C341 /* Info.plist */ = {isa = PBXFileReference; lastKnownFileType = text.plist.xml; path = Info.plist; sourceTree = "<group>"; };
		13BDD53119EB26910060C341 /* AppDelegate.swift */ = {isa = PBXFileReference; lastKnownFileType = sourcecode.swift; path = AppDelegate.swift; sourceTree = "<group>"; };
		13BDD53319EB26910060C341 /* ViewController.swift */ = {isa = PBXFileReference; lastKnownFileType = sourcecode.swift; path = ViewController.swift; sourceTree = "<group>"; };
		13BDD53619EB26910060C341 /* Base */ = {isa = PBXFileReference; lastKnownFileType = file.storyboard; name = Base; path = Base.lproj/Main.storyboard; sourceTree = "<group>"; };
		13BDD53819EB26910060C341 /* Images.xcassets */ = {isa = PBXFileReference; lastKnownFileType = folder.assetcatalog; path = Images.xcassets; sourceTree = "<group>"; };
		13BDD53B19EB26910060C341 /* Base */ = {isa = PBXFileReference; lastKnownFileType = file.xib; name = Base; path = Base.lproj/LaunchScreen.xib; sourceTree = "<group>"; };
		13BDD54619EB26910060C341 /* Info.plist */ = {isa = PBXFileReference; lastKnownFileType = text.plist.xml; path = Info.plist; sourceTree = "<group>"; };
		13BDD54719EB26910060C341 /* SwiftDemoTests.swift */ = {isa = PBXFileReference; lastKnownFileType = sourcecode.swift; path = SwiftDemoTests.swift; sourceTree = "<group>"; };
		13BDD55219EB269C0060C341 /* iRate.bundle */ = {isa = PBXFileReference; lastKnownFileType = "wrapper.plug-in"; path = iRate.bundle; sourceTree = "<group>"; };
		13BDD55319EB269C0060C341 /* iRate.h */ = {isa = PBXFileReference; fileEncoding = 4; lastKnownFileType = sourcecode.c.h; path = iRate.h; sourceTree = "<group>"; };
		13BDD55419EB269C0060C341 /* iRate.m */ = {isa = PBXFileReference; fileEncoding = 4; lastKnownFileType = sourcecode.c.objc; path = iRate.m; sourceTree = "<group>"; };
		13BDD55719EB27320060C341 /* SwiftDemo-Bridging-Header.h */ = {isa = PBXFileReference; fileEncoding = 4; lastKnownFileType = sourcecode.c.h; path = "SwiftDemo-Bridging-Header.h"; sourceTree = "<group>"; };
/* End PBXFileReference section */

/* Begin PBXFrameworksBuildPhase section */
		13BDD52919EB26910060C341 /* Frameworks */ = {
			isa = PBXFrameworksBuildPhase;
			buildActionMask = 2147483647;
			files = (
			);
			runOnlyForDeploymentPostprocessing = 0;
		};
/* End PBXFrameworksBuildPhase section */

/* Begin PBXGroup section */
		13BDD52319EB26910060C341 = {
			isa = PBXGroup;
			children = (
				13BDD55119EB269C0060C341 /* iRate */,
				13BDD52E19EB26910060C341 /* SwiftDemo */,
				13BDD54419EB26910060C341 /* SwiftDemoTests */,
				13BDD52D19EB26910060C341 /* Products */,
			);
			sourceTree = "<group>";
		};
		13BDD52D19EB26910060C341 /* Products */ = {
			isa = PBXGroup;
			children = (
				13BDD52C19EB26910060C341 /* SwiftDemo.app */,
			);
			name = Products;
			sourceTree = "<group>";
		};
		13BDD52E19EB26910060C341 /* SwiftDemo */ = {
			isa = PBXGroup;
			children = (
				13BDD53119EB26910060C341 /* AppDelegate.swift */,
				13BDD53319EB26910060C341 /* ViewController.swift */,
				13BDD53519EB26910060C341 /* Main.storyboard */,
				13BDD53819EB26910060C341 /* Images.xcassets */,
				13BDD53A19EB26910060C341 /* LaunchScreen.xib */,
				13BDD52F19EB26910060C341 /* Supporting Files */,
			);
			path = SwiftDemo;
			sourceTree = "<group>";
		};
		13BDD52F19EB26910060C341 /* Supporting Files */ = {
			isa = PBXGroup;
			children = (
				13BDD53019EB26910060C341 /* Info.plist */,
				13BDD55719EB27320060C341 /* SwiftDemo-Bridging-Header.h */,
			);
			name = "Supporting Files";
			sourceTree = "<group>";
		};
		13BDD54419EB26910060C341 /* SwiftDemoTests */ = {
			isa = PBXGroup;
			children = (
				13BDD54719EB26910060C341 /* SwiftDemoTests.swift */,
				13BDD54519EB26910060C341 /* Supporting Files */,
			);
			path = SwiftDemoTests;
			sourceTree = "<group>";
		};
		13BDD54519EB26910060C341 /* Supporting Files */ = {
			isa = PBXGroup;
			children = (
				13BDD54619EB26910060C341 /* Info.plist */,
			);
			name = "Supporting Files";
			sourceTree = "<group>";
		};
		13BDD55119EB269C0060C341 /* iRate */ = {
			isa = PBXGroup;
			children = (
				13BDD55219EB269C0060C341 /* iRate.bundle */,
				13BDD55319EB269C0060C341 /* iRate.h */,
				13BDD55419EB269C0060C341 /* iRate.m */,
			);
			name = iRate;
			path = ../../iRate;
			sourceTree = "<group>";
		};
/* End PBXGroup section */

/* Begin PBXNativeTarget section */
		13BDD52B19EB26910060C341 /* SwiftDemo */ = {
			isa = PBXNativeTarget;
			buildConfigurationList = 13BDD54B19EB26910060C341 /* Build configuration list for PBXNativeTarget "SwiftDemo" */;
			buildPhases = (
				13BDD52819EB26910060C341 /* Sources */,
				13BDD52919EB26910060C341 /* Frameworks */,
				13BDD52A19EB26910060C341 /* Resources */,
			);
			buildRules = (
			);
			dependencies = (
			);
			name = SwiftDemo;
			productName = SwiftDemo;
			productReference = 13BDD52C19EB26910060C341 /* SwiftDemo.app */;
			productType = "com.apple.product-type.application";
		};
/* End PBXNativeTarget section */

/* Begin PBXProject section */
		13BDD52419EB26910060C341 /* Project object */ = {
			isa = PBXProject;
			attributes = {
				LastUpgradeCheck = 0600;
				ORGANIZATIONNAME = "Charcoal Design";
				TargetAttributes = {
					13BDD52B19EB26910060C341 = {
						CreatedOnToolsVersion = 6.0.1;
					};
				};
			};
			buildConfigurationList = 13BDD52719EB26910060C341 /* Build configuration list for PBXProject "SwiftDemo" */;
			compatibilityVersion = "Xcode 3.2";
			developmentRegion = English;
			hasScannedForEncodings = 0;
			knownRegions = (
				en,
				Base,
			);
			mainGroup = 13BDD52319EB26910060C341;
			productRefGroup = 13BDD52D19EB26910060C341 /* Products */;
			projectDirPath = "";
			projectRoot = "";
			targets = (
				13BDD52B19EB26910060C341 /* SwiftDemo */,
			);
		};
/* End PBXProject section */

/* Begin PBXResourcesBuildPhase section */
		13BDD52A19EB26910060C341 /* Resources */ = {
			isa = PBXResourcesBuildPhase;
			buildActionMask = 2147483647;
			files = (
				13BDD53719EB26910060C341 /* Main.storyboard in Resources */,
				13BDD55519EB269C0060C341 /* iRate.bundle in Resources */,
				13BDD53C19EB26910060C341 /* LaunchScreen.xib in Resources */,
				13BDD53919EB26910060C341 /* Images.xcassets in Resources */,
			);
			runOnlyForDeploymentPostprocessing = 0;
		};
/* End PBXResourcesBuildPhase section */

/* Begin PBXSourcesBuildPhase section */
		13BDD52819EB26910060C341 /* Sources */ = {
			isa = PBXSourcesBuildPhase;
			buildActionMask = 2147483647;
			files = (
				13BDD55619EB269C0060C341 /* iRate.m in Sources */,
				13BDD53419EB26910060C341 /* ViewController.swift in Sources */,
				13BDD53219EB26910060C341 /* AppDelegate.swift in Sources */,
			);
			runOnlyForDeploymentPostprocessing = 0;
		};
/* End PBXSourcesBuildPhase section */

/* Begin PBXVariantGroup section */
		13BDD53519EB26910060C341 /* Main.storyboard */ = {
			isa = PBXVariantGroup;
			children = (
				13BDD53619EB26910060C341 /* Base */,
			);
			name = Main.storyboard;
			sourceTree = "<group>";
		};
		13BDD53A19EB26910060C341 /* LaunchScreen.xib */ = {
			isa = PBXVariantGroup;
			children = (
				13BDD53B19EB26910060C341 /* Base */,
			);
			name = LaunchScreen.xib;
			sourceTree = "<group>";
		};
/* End PBXVariantGroup section */

/* Begin XCBuildConfiguration section */
		13BDD54919EB26910060C341 /* Debug */ = {
			isa = XCBuildConfiguration;
			buildSettings = {
				ALWAYS_SEARCH_USER_PATHS = NO;
				CLANG_CXX_LANGUAGE_STANDARD = "gnu++0x";
				CLANG_CXX_LIBRARY = "libc++";
				CLANG_ENABLE_MODULES = YES;
				CLANG_ENABLE_OBJC_ARC = YES;
				CLANG_WARN_BOOL_CONVERSION = YES;
				CLANG_WARN_CONSTANT_CONVERSION = YES;
				CLANG_WARN_DIRECT_OBJC_ISA_USAGE = YES_ERROR;
				CLANG_WARN_EMPTY_BODY = YES;
				CLANG_WARN_ENUM_CONVERSION = YES;
				CLANG_WARN_INT_CONVERSION = YES;
				CLANG_WARN_OBJC_ROOT_CLASS = YES_ERROR;
				CLANG_WARN_UNREACHABLE_CODE = YES;
				CLANG_WARN__DUPLICATE_METHOD_MATCH = YES;
				"CODE_SIGN_IDENTITY[sdk=iphoneos*]" = "iPhone Developer";
				COPY_PHASE_STRIP = NO;
				ENABLE_STRICT_OBJC_MSGSEND = YES;
				GCC_C_LANGUAGE_STANDARD = gnu99;
				GCC_DYNAMIC_NO_PIC = NO;
				GCC_OPTIMIZATION_LEVEL = 0;
				GCC_PREPROCESSOR_DEFINITIONS = (
					"DEBUG=1",
					"$(inherited)",
				);
				GCC_SYMBOLS_PRIVATE_EXTERN = NO;
				GCC_WARN_64_TO_32_BIT_CONVERSION = YES;
				GCC_WARN_ABOUT_RETURN_TYPE = YES_ERROR;
				GCC_WARN_UNDECLARED_SELECTOR = YES;
				GCC_WARN_UNINITIALIZED_AUTOS = YES_AGGRESSIVE;
				GCC_WARN_UNUSED_FUNCTION = YES;
				GCC_WARN_UNUSED_VARIABLE = YES;
				IPHONEOS_DEPLOYMENT_TARGET = 8.0;
				MTL_ENABLE_DEBUG_INFO = YES;
				ONLY_ACTIVE_ARCH = YES;
				SDKROOT = iphoneos;
				SWIFT_OPTIMIZATION_LEVEL = "-Onone";
			};
			name = Debug;
		};
		13BDD54A19EB26910060C341 /* Release */ = {
			isa = XCBuildConfiguration;
			buildSettings = {
				ALWAYS_SEARCH_USER_PATHS = NO;
				CLANG_CXX_LANGUAGE_STANDARD = "gnu++0x";
				CLANG_CXX_LIBRARY = "libc++";
				CLANG_ENABLE_MODULES = YES;
				CLANG_ENABLE_OBJC_ARC = YES;
				CLANG_WARN_BOOL_CONVERSION = YES;
				CLANG_WARN_CONSTANT_CONVERSION = YES;
				CLANG_WARN_DIRECT_OBJC_ISA_USAGE = YES_ERROR;
				CLANG_WARN_EMPTY_BODY = YES;
				CLANG_WARN_ENUM_CONVERSION = YES;
				CLANG_WARN_INT_CONVERSION = YES;
				CLANG_WARN_OBJC_ROOT_CLASS = YES_ERROR;
				CLANG_WARN_UNREACHABLE_CODE = YES;
				CLANG_WARN__DUPLICATE_METHOD_MATCH = YES;
				"CODE_SIGN_IDENTITY[sdk=iphoneos*]" = "iPhone Developer";
				COPY_PHASE_STRIP = YES;
				ENABLE_NS_ASSERTIONS = NO;
				ENABLE_STRICT_OBJC_MSGSEND = YES;
				GCC_C_LANGUAGE_STANDARD = gnu99;
				GCC_WARN_64_TO_32_BIT_CONVERSION = YES;
				GCC_WARN_ABOUT_RETURN_TYPE = YES_ERROR;
				GCC_WARN_UNDECLARED_SELECTOR = YES;
				GCC_WARN_UNINITIALIZED_AUTOS = YES_AGGRESSIVE;
				GCC_WARN_UNUSED_FUNCTION = YES;
				GCC_WARN_UNUSED_VARIABLE = YES;
				IPHONEOS_DEPLOYMENT_TARGET = 8.0;
				MTL_ENABLE_DEBUG_INFO = NO;
				SDKROOT = iphoneos;
				VALIDATE_PRODUCT = YES;
			};
			name = Release;
		};
		13BDD54C19EB26910060C341 /* Debug */ = {
			isa = XCBuildConfiguration;
			buildSettings = {
				ASSETCATALOG_COMPILER_APPICON_NAME = AppIcon;
				INFOPLIST_FILE = SwiftDemo/Info.plist;
				LD_RUNPATH_SEARCH_PATHS = "$(inherited) @executable_path/Frameworks";
				PRODUCT_NAME = "$(TARGET_NAME)";
				SWIFT_OBJC_BRIDGING_HEADER = "SwiftDemo/SwiftDemo-Bridging-Header.h";
			};
			name = Debug;
		};
		13BDD54D19EB26910060C341 /* Release */ = {
			isa = XCBuildConfiguration;
			buildSettings = {
				ASSETCATALOG_COMPILER_APPICON_NAME = AppIcon;
				INFOPLIST_FILE = SwiftDemo/Info.plist;
				LD_RUNPATH_SEARCH_PATHS = "$(inherited) @executable_path/Frameworks";
				PRODUCT_NAME = "$(TARGET_NAME)";
				SWIFT_OBJC_BRIDGING_HEADER = "SwiftDemo/SwiftDemo-Bridging-Header.h";
			};
			name = Release;
		};
/* End XCBuildConfiguration section */

/* Begin XCConfigurationList section */
		13BDD52719EB26910060C341 /* Build configuration list for PBXProject "SwiftDemo" */ = {
			isa = XCConfigurationList;
			buildConfigurations = (
				13BDD54919EB26910060C341 /* Debug */,
				13BDD54A19EB26910060C341 /* Release */,
			);
			defaultConfigurationIsVisible = 0;
			defaultConfigurationName = Release;
		};
		13BDD54B19EB26910060C341 /* Build configuration list for PBXNativeTarget "SwiftDemo" */ = {
			isa = XCConfigurationList;
			buildConfigurations = (
				13BDD54C19EB26910060C341 /* Debug */,
				13BDD54D19EB26910060C341 /* Release */,
			);
			defaultConfigurationIsVisible = 0;
			defaultConfigurationName = Release;
		};
/* End XCConfigurationList section */
	};
	rootObject = 13BDD52419EB26910060C341 /* Project object */;
}
